// !$*UTF8*$!
{
	archiveVersion = 1;
	classes = {
	};
	objectVersion = 77;
	objects = {

/* Begin PBXContainerItemProxy section */
		B4EF14862D4C764600ACC456 /* PBXContainerItemProxy */ = {
			isa = PBXContainerItemProxy;
			containerPortal = B4EF146D2D4C763D00ACC456 /* Project object */;
			proxyType = 1;
			remoteGlobalIDString = B4EF14742D4C763D00ACC456;
			remoteInfo = ThunderCat;
		};
		B4EF14902D4C764600ACC456 /* PBXContainerItemProxy */ = {
			isa = PBXContainerItemProxy;
			containerPortal = B4EF146D2D4C763D00ACC456 /* Project object */;
			proxyType = 1;
			remoteGlobalIDString = B4EF14742D4C763D00ACC456;
			remoteInfo = ThunderCat;
		};
/* End PBXContainerItemProxy section */

/* Begin PBXFileReference section */
		B4EF14752D4C763D00ACC456 /* ThunderCat.app */ = {isa = PBXFileReference; explicitFileType = wrapper.application; includeInIndex = 0; path = ThunderCat.app; sourceTree = BUILT_PRODUCTS_DIR; };
		B4EF14852D4C764600ACC456 /* ThunderCatTests.xctest */ = {isa = PBXFileReference; explicitFileType = wrapper.cfbundle; includeInIndex = 0; path = ThunderCatTests.xctest; sourceTree = BUILT_PRODUCTS_DIR; };
		B4EF148F2D4C764600ACC456 /* ThunderCatUITests.xctest */ = {isa = PBXFileReference; explicitFileType = wrapper.cfbundle; includeInIndex = 0; path = ThunderCatUITests.xctest; sourceTree = BUILT_PRODUCTS_DIR; };
/* End PBXFileReference section */

/* Begin PBXFileSystemSynchronizedRootGroup section */
		B4EF14772D4C763D00ACC456 /* ThunderCat */ = {
			isa = PBXFileSystemSynchronizedRootGroup;
			path = ThunderCat;
			sourceTree = "<group>";
		};
		B4EF14882D4C764600ACC456 /* ThunderCatTests */ = {
			isa = PBXFileSystemSynchronizedRootGroup;
			path = ThunderCatTests;
			sourceTree = "<group>";
		};
		B4EF14922D4C764600ACC456 /* ThunderCatUITests */ = {
			isa = PBXFileSystemSynchronizedRootGroup;
			path = ThunderCatUITests;
			sourceTree = "<group>";
		};
/* End PBXFileSystemSynchronizedRootGroup section */

/* Begin PBXFrameworksBuildPhase section */
		B4EF14722D4C763D00ACC456 /* Frameworks */ = {
			isa = PBXFrameworksBuildPhase;
			buildActionMask = 2147483647;
			files = (
			);
			runOnlyForDeploymentPostprocessing = 0;
		};
		B4EF14822D4C764600ACC456 /* Frameworks */ = {
			isa = PBXFrameworksBuildPhase;
			buildActionMask = 2147483647;
			files = (
			);
			runOnlyForDeploymentPostprocessing = 0;
		};
		B4EF148C2D4C764600ACC456 /* Frameworks */ = {
			isa = PBXFrameworksBuildPhase;
			buildActionMask = 2147483647;
			files = (
			);
			runOnlyForDeploymentPostprocessing = 0;
		};
/* End PBXFrameworksBuildPhase section */

/* Begin PBXGroup section */
		B4EF146C2D4C763D00ACC456 = {
			isa = PBXGroup;
			children = (
				B4EF14772D4C763D00ACC456 /* ThunderCat */,
				B4EF14882D4C764600ACC456 /* ThunderCatTests */,
				B4EF14922D4C764600ACC456 /* ThunderCatUITests */,
				B4EF14762D4C763D00ACC456 /* Products */,
			);
			sourceTree = "<group>";
		};
		B4EF14762D4C763D00ACC456 /* Products */ = {
			isa = PBXGroup;
			children = (
				B4EF14752D4C763D00ACC456 /* ThunderCat.app */,
				B4EF14852D4C764600ACC456 /* ThunderCatTests.xctest */,
				B4EF148F2D4C764600ACC456 /* ThunderCatUITests.xctest */,
			);
			name = Products;
			sourceTree = "<group>";
		};
/* End PBXGroup section */

/* Begin PBXNativeTarget section */
		B4EF14742D4C763D00ACC456 /* ThunderCat */ = {
			isa = PBXNativeTarget;
			buildConfigurationList = B4EF14992D4C764600ACC456 /* Build configuration list for PBXNativeTarget "ThunderCat" */;
			buildPhases = (
				B4EF14712D4C763D00ACC456 /* Sources */,
				B4EF14722D4C763D00ACC456 /* Frameworks */,
				B4EF14732D4C763D00ACC456 /* Resources */,
			);
			buildRules = (
			);
			dependencies = (
			);
			fileSystemSynchronizedGroups = (
				B4EF14772D4C763D00ACC456 /* ThunderCat */,
			);
			name = ThunderCat;
			packageProductDependencies = (
			);
			productName = ThunderCat;
			productReference = B4EF14752D4C763D00ACC456 /* ThunderCat.app */;
			productType = "com.apple.product-type.application";
		};
		B4EF14842D4C764600ACC456 /* ThunderCatTests */ = {
			isa = PBXNativeTarget;
			buildConfigurationList = B4EF149C2D4C764600ACC456 /* Build configuration list for PBXNativeTarget "ThunderCatTests" */;
			buildPhases = (
				B4EF14812D4C764600ACC456 /* Sources */,
				B4EF14822D4C764600ACC456 /* Frameworks */,
				B4EF14832D4C764600ACC456 /* Resources */,
			);
			buildRules = (
			);
			dependencies = (
				B4EF14872D4C764600ACC456 /* PBXTargetDependency */,
			);
			fileSystemSynchronizedGroups = (
				B4EF14882D4C764600ACC456 /* ThunderCatTests */,
			);
			name = ThunderCatTests;
			packageProductDependencies = (
			);
			productName = ThunderCatTests;
			productReference = B4EF14852D4C764600ACC456 /* ThunderCatTests.xctest */;
			productType = "com.apple.product-type.bundle.unit-test";
		};
		B4EF148E2D4C764600ACC456 /* ThunderCatUITests */ = {
			isa = PBXNativeTarget;
			buildConfigurationList = B4EF149F2D4C764600ACC456 /* Build configuration list for PBXNativeTarget "ThunderCatUITests" */;
			buildPhases = (
				B4EF148B2D4C764600ACC456 /* Sources */,
				B4EF148C2D4C764600ACC456 /* Frameworks */,
				B4EF148D2D4C764600ACC456 /* Resources */,
			);
			buildRules = (
			);
			dependencies = (
				B4EF14912D4C764600ACC456 /* PBXTargetDependency */,
			);
			fileSystemSynchronizedGroups = (
				B4EF14922D4C764600ACC456 /* ThunderCatUITests */,
			);
			name = ThunderCatUITests;
			packageProductDependencies = (
			);
			productName = ThunderCatUITests;
			productReference = B4EF148F2D4C764600ACC456 /* ThunderCatUITests.xctest */;
			productType = "com.apple.product-type.bundle.ui-testing";
		};
/* End PBXNativeTarget section */

/* Begin PBXProject section */
		B4EF146D2D4C763D00ACC456 /* Project object */ = {
			isa = PBXProject;
			attributes = {
				BuildIndependentTargetsInParallel = 1;
				LastSwiftUpdateCheck = 1620;
				LastUpgradeCheck = 1620;
				TargetAttributes = {
					B4EF14742D4C763D00ACC456 = {
						CreatedOnToolsVersion = 16.2;
					};
					B4EF14842D4C764600ACC456 = {
						CreatedOnToolsVersion = 16.2;
						TestTargetID = B4EF14742D4C763D00ACC456;
					};
					B4EF148E2D4C764600ACC456 = {
						CreatedOnToolsVersion = 16.2;
						TestTargetID = B4EF14742D4C763D00ACC456;
					};
				};
			};
			buildConfigurationList = B4EF14702D4C763D00ACC456 /* Build configuration list for PBXProject "ThunderCat" */;
			developmentRegion = en;
			hasScannedForEncodings = 0;
			knownRegions = (
				en,
				Base,
			);
			mainGroup = B4EF146C2D4C763D00ACC456;
			minimizedProjectReferenceProxies = 1;
			preferredProjectObjectVersion = 77;
			productRefGroup = B4EF14762D4C763D00ACC456 /* Products */;
			projectDirPath = "";
			projectRoot = "";
			targets = (
				B4EF14742D4C763D00ACC456 /* ThunderCat */,
				B4EF14842D4C764600ACC456 /* ThunderCatTests */,
				B4EF148E2D4C764600ACC456 /* ThunderCatUITests */,
			);
		};
/* End PBXProject section */

/* Begin PBXResourcesBuildPhase section */
		B4EF14732D4C763D00ACC456 /* Resources */ = {
			isa = PBXResourcesBuildPhase;
			buildActionMask = 2147483647;
			files = (
			);
			runOnlyForDeploymentPostprocessing = 0;
		};
		B4EF14832D4C764600ACC456 /* Resources */ = {
			isa = PBXResourcesBuildPhase;
			buildActionMask = 2147483647;
			files = (
			);
			runOnlyForDeploymentPostprocessing = 0;
		};
		B4EF148D2D4C764600ACC456 /* Resources */ = {
			isa = PBXResourcesBuildPhase;
			buildActionMask = 2147483647;
			files = (
			);
			runOnlyForDeploymentPostprocessing = 0;
		};
/* End PBXResourcesBuildPhase section */

/* Begin PBXSourcesBuildPhase section */
		B4EF14712D4C763D00ACC456 /* Sources */ = {
			isa = PBXSourcesBuildPhase;
			buildActionMask = 2147483647;
			files = (
			);
			runOnlyForDeploymentPostprocessing = 0;
		};
		B4EF14812D4C764600ACC456 /* Sources */ = {
			isa = PBXSourcesBuildPhase;
			buildActionMask = 2147483647;
			files = (
			);
			runOnlyForDeploymentPostprocessing = 0;
		};
		B4EF148B2D4C764600ACC456 /* Sources */ = {
			isa = PBXSourcesBuildPhase;
			buildActionMask = 2147483647;
			files = (
			);
			runOnlyForDeploymentPostprocessing = 0;
		};
/* End PBXSourcesBuildPhase section */

/* Begin PBXTargetDependency section */
		B4EF14872D4C764600ACC456 /* PBXTargetDependency */ = {
			isa = PBXTargetDependency;
			target = B4EF14742D4C763D00ACC456 /* ThunderCat */;
			targetProxy = B4EF14862D4C764600ACC456 /* PBXContainerItemProxy */;
		};
		B4EF14912D4C764600ACC456 /* PBXTargetDependency */ = {
			isa = PBXTargetDependency;
			target = B4EF14742D4C763D00ACC456 /* ThunderCat */;
			targetProxy = B4EF14902D4C764600ACC456 /* PBXContainerItemProxy */;
		};
/* End PBXTargetDependency section */

/* Begin XCBuildConfiguration section */
		B4EF14972D4C764600ACC456 /* Debug */ = {
			isa = XCBuildConfiguration;
			buildSettings = {
				ALWAYS_SEARCH_USER_PATHS = NO;
				ASSETCATALOG_COMPILER_GENERATE_SWIFT_ASSET_SYMBOL_EXTENSIONS = YES;
				CLANG_ANALYZER_NONNULL = YES;
				CLANG_ANALYZER_NUMBER_OBJECT_CONVERSION = YES_AGGRESSIVE;
				CLANG_CXX_LANGUAGE_STANDARD = "gnu++20";
				CLANG_ENABLE_MODULES = YES;
				CLANG_ENABLE_OBJC_ARC = YES;
				CLANG_ENABLE_OBJC_WEAK = YES;
				CLANG_WARN_BLOCK_CAPTURE_AUTORELEASING = YES;
				CLANG_WARN_BOOL_CONVERSION = YES;
				CLANG_WARN_COMMA = YES;
				CLANG_WARN_CONSTANT_CONVERSION = YES;
				CLANG_WARN_DEPRECATED_OBJC_IMPLEMENTATIONS = YES;
				CLANG_WARN_DIRECT_OBJC_ISA_USAGE = YES_ERROR;
				CLANG_WARN_DOCUMENTATION_COMMENTS = YES;
				CLANG_WARN_EMPTY_BODY = YES;
				CLANG_WARN_ENUM_CONVERSION = YES;
				CLANG_WARN_INFINITE_RECURSION = YES;
				CLANG_WARN_INT_CONVERSION = YES;
				CLANG_WARN_NON_LITERAL_NULL_CONVERSION = YES;
				CLANG_WARN_OBJC_IMPLICIT_RETAIN_SELF = YES;
				CLANG_WARN_OBJC_LITERAL_CONVERSION = YES;
				CLANG_WARN_OBJC_ROOT_CLASS = YES_ERROR;
				CLANG_WARN_QUOTED_INCLUDE_IN_FRAMEWORK_HEADER = YES;
				CLANG_WARN_RANGE_LOOP_ANALYSIS = YES;
				CLANG_WARN_STRICT_PROTOTYPES = YES;
				CLANG_WARN_SUSPICIOUS_MOVE = YES;
				CLANG_WARN_UNGUARDED_AVAILABILITY = YES_AGGRESSIVE;
				CLANG_WARN_UNREACHABLE_CODE = YES;
				CLANG_WARN__DUPLICATE_METHOD_MATCH = YES;
				COPY_PHASE_STRIP = NO;
				DEBUG_INFORMATION_FORMAT = dwarf;
				ENABLE_STRICT_OBJC_MSGSEND = YES;
				ENABLE_TESTABILITY = YES;
				ENABLE_USER_SCRIPT_SANDBOXING = YES;
				GCC_C_LANGUAGE_STANDARD = gnu17;
				GCC_DYNAMIC_NO_PIC = NO;
				GCC_NO_COMMON_BLOCKS = YES;
				GCC_OPTIMIZATION_LEVEL = 0;
				GCC_PREPROCESSOR_DEFINITIONS = (
					"DEBUG=1",
					"$(inherited)",
				);
				GCC_WARN_64_TO_32_BIT_CONVERSION = YES;
				GCC_WARN_ABOUT_RETURN_TYPE = YES_ERROR;
				GCC_WARN_UNDECLARED_SELECTOR = YES;
				GCC_WARN_UNINITIALIZED_AUTOS = YES_AGGRESSIVE;
				GCC_WARN_UNUSED_FUNCTION = YES;
				GCC_WARN_UNUSED_VARIABLE = YES;
				IPHONEOS_DEPLOYMENT_TARGET = 18.2;
				LOCALIZATION_PREFERS_STRING_CATALOGS = YES;
				MTL_ENABLE_DEBUG_INFO = INCLUDE_SOURCE;
				MTL_FAST_MATH = YES;
				ONLY_ACTIVE_ARCH = YES;
				SDKROOT = iphoneos;
				SWIFT_ACTIVE_COMPILATION_CONDITIONS = "DEBUG $(inherited)";
				SWIFT_OPTIMIZATION_LEVEL = "-Onone";
			};
			name = Debug;
		};
		B4EF14982D4C764600ACC456 /* Release */ = {
			isa = XCBuildConfiguration;
			buildSettings = {
				ALWAYS_SEARCH_USER_PATHS = NO;
				ASSETCATALOG_COMPILER_GENERATE_SWIFT_ASSET_SYMBOL_EXTENSIONS = YES;
				CLANG_ANALYZER_NONNULL = YES;
				CLANG_ANALYZER_NUMBER_OBJECT_CONVERSION = YES_AGGRESSIVE;
				CLANG_CXX_LANGUAGE_STANDARD = "gnu++20";
				CLANG_ENABLE_MODULES = YES;
				CLANG_ENABLE_OBJC_ARC = YES;
				CLANG_ENABLE_OBJC_WEAK = YES;
				CLANG_WARN_BLOCK_CAPTURE_AUTORELEASING = YES;
				CLANG_WARN_BOOL_CONVERSION = YES;
				CLANG_WARN_COMMA = YES;
				CLANG_WARN_CONSTANT_CONVERSION = YES;
				CLANG_WARN_DEPRECATED_OBJC_IMPLEMENTATIONS = YES;
				CLANG_WARN_DIRECT_OBJC_ISA_USAGE = YES_ERROR;
				CLANG_WARN_DOCUMENTATION_COMMENTS = YES;
				CLANG_WARN_EMPTY_BODY = YES;
				CLANG_WARN_ENUM_CONVERSION = YES;
				CLANG_WARN_INFINITE_RECURSION = YES;
				CLANG_WARN_INT_CONVERSION = YES;
				CLANG_WARN_NON_LITERAL_NULL_CONVERSION = YES;
				CLANG_WARN_OBJC_IMPLICIT_RETAIN_SELF = YES;
				CLANG_WARN_OBJC_LITERAL_CONVERSION = YES;
				CLANG_WARN_OBJC_ROOT_CLASS = YES_ERROR;
				CLANG_WARN_QUOTED_INCLUDE_IN_FRAMEWORK_HEADER = YES;
				CLANG_WARN_RANGE_LOOP_ANALYSIS = YES;
				CLANG_WARN_STRICT_PROTOTYPES = YES;
				CLANG_WARN_SUSPICIOUS_MOVE = YES;
				CLANG_WARN_UNGUARDED_AVAILABILITY = YES_AGGRESSIVE;
				CLANG_WARN_UNREACHABLE_CODE = YES;
				CLANG_WARN__DUPLICATE_METHOD_MATCH = YES;
				COPY_PHASE_STRIP = NO;
				DEBUG_INFORMATION_FORMAT = "dwarf-with-dsym";
				ENABLE_NS_ASSERTIONS = NO;
				ENABLE_STRICT_OBJC_MSGSEND = YES;
				ENABLE_USER_SCRIPT_SANDBOXING = YES;
				GCC_C_LANGUAGE_STANDARD = gnu17;
				GCC_NO_COMMON_BLOCKS = YES;
				GCC_WARN_64_TO_32_BIT_CONVERSION = YES;
				GCC_WARN_ABOUT_RETURN_TYPE = YES_ERROR;
				GCC_WARN_UNDECLARED_SELECTOR = YES;
				GCC_WARN_UNINITIALIZED_AUTOS = YES_AGGRESSIVE;
				GCC_WARN_UNUSED_FUNCTION = YES;
				GCC_WARN_UNUSED_VARIABLE = YES;
				IPHONEOS_DEPLOYMENT_TARGET = 18.2;
				LOCALIZATION_PREFERS_STRING_CATALOGS = YES;
				MTL_ENABLE_DEBUG_INFO = NO;
				MTL_FAST_MATH = YES;
				SDKROOT = iphoneos;
				SWIFT_COMPILATION_MODE = wholemodule;
				VALIDATE_PRODUCT = YES;
			};
			name = Release;
		};
		B4EF149A2D4C764600ACC456 /* Debug */ = {
			isa = XCBuildConfiguration;
			buildSettings = {
				ASSETCATALOG_COMPILER_APPICON_NAME = AppIcon;
				ASSETCATALOG_COMPILER_GLOBAL_ACCENT_COLOR_NAME = AccentColor;
				CODE_SIGN_STYLE = Automatic;
				CURRENT_PROJECT_VERSION = 1;
				DEVELOPMENT_ASSET_PATHS = "\"ThunderCat/Preview Content\"";
				DEVELOPMENT_TEAM = SRYM53R5XT;
				ENABLE_PREVIEWS = YES;
				GENERATE_INFOPLIST_FILE = YES;
				INFOPLIST_KEY_UIApplicationSceneManifest_Generation = YES;
				INFOPLIST_KEY_UIApplicationSupportsIndirectInputEvents = YES;
				INFOPLIST_KEY_UILaunchScreen_Generation = YES;
				INFOPLIST_KEY_UISupportedInterfaceOrientations_iPad = "UIInterfaceOrientationPortrait UIInterfaceOrientationPortraitUpsideDown UIInterfaceOrientationLandscapeLeft UIInterfaceOrientationLandscapeRight";
				INFOPLIST_KEY_UISupportedInterfaceOrientations_iPhone = "UIInterfaceOrientationPortrait UIInterfaceOrientationLandscapeLeft UIInterfaceOrientationLandscapeRight";
				LD_RUNPATH_SEARCH_PATHS = (
					"$(inherited)",
					"@executable_path/Frameworks",
				);
				MARKETING_VERSION = 1.0;
				PRODUCT_BUNDLE_IDENTIFIER = yoon.ThunderCat;
				PRODUCT_NAME = "$(TARGET_NAME)";
				SWIFT_EMIT_LOC_STRINGS = YES;
				SWIFT_VERSION = 5.0;
				TARGETED_DEVICE_FAMILY = "1,2";
			};
			name = Debug;
		};
		B4EF149B2D4C764600ACC456 /* Release */ = {
			isa = XCBuildConfiguration;
			buildSettings = {
				ASSETCATALOG_COMPILER_APPICON_NAME = AppIcon;
				ASSETCATALOG_COMPILER_GLOBAL_ACCENT_COLOR_NAME = AccentColor;
				CODE_SIGN_STYLE = Automatic;
				CURRENT_PROJECT_VERSION = 1;
				DEVELOPMENT_ASSET_PATHS = "\"ThunderCat/Preview Content\"";
				DEVELOPMENT_TEAM = SRYM53R5XT;
				ENABLE_PREVIEWS = YES;
				GENERATE_INFOPLIST_FILE = YES;
				INFOPLIST_KEY_UIApplicationSceneManifest_Generation = YES;
				INFOPLIST_KEY_UIApplicationSupportsIndirectInputEvents = YES;
				INFOPLIST_KEY_UILaunchScreen_Generation = YES;
				INFOPLIST_KEY_UISupportedInterfaceOrientations_iPad = "UIInterfaceOrientationPortrait UIInterfaceOrientationPortraitUpsideDown UIInterfaceOrientationLandscapeLeft UIInterfaceOrientationLandscapeRight";
				INFOPLIST_KEY_UISupportedInterfaceOrientations_iPhone = "UIInterfaceOrientationPortrait UIInterfaceOrientationLandscapeLeft UIInterfaceOrientationLandscapeRight";
				LD_RUNPATH_SEARCH_PATHS = (
					"$(inherited)",
					"@executable_path/Frameworks",
				);
				MARKETING_VERSION = 1.0;
				PRODUCT_BUNDLE_IDENTIFIER = yoon.ThunderCat;
				PRODUCT_NAME = "$(TARGET_NAME)";
				SWIFT_EMIT_LOC_STRINGS = YES;
				SWIFT_VERSION = 5.0;
				TARGETED_DEVICE_FAMILY = "1,2";
			};
			name = Release;
		};
		B4EF149D2D4C764600ACC456 /* Debug */ = {
			isa = XCBuildConfiguration;
			buildSettings = {
				BUNDLE_LOADER = "$(TEST_HOST)";
				CODE_SIGN_STYLE = Automatic;
				CURRENT_PROJECT_VERSION = 1;
				DEVELOPMENT_TEAM = SRYM53R5XT;
				GENERATE_INFOPLIST_FILE = YES;
				IPHONEOS_DEPLOYMENT_TARGET = 18.2;
				MARKETING_VERSION = 1.0;
				PRODUCT_BUNDLE_IDENTIFIER = yoon.ThunderCatTests;
				PRODUCT_NAME = "$(TARGET_NAME)";
				SWIFT_EMIT_LOC_STRINGS = NO;
				SWIFT_VERSION = 5.0;
				TARGETED_DEVICE_FAMILY = "1,2";
				TEST_HOST = "$(BUILT_PRODUCTS_DIR)/ThunderCat.app/$(BUNDLE_EXECUTABLE_FOLDER_PATH)/ThunderCat";
			};
			name = Debug;
		};
		B4EF149E2D4C764600ACC456 /* Release */ = {
			isa = XCBuildConfiguration;
			buildSettings = {
				BUNDLE_LOADER = "$(TEST_HOST)";
				CODE_SIGN_STYLE = Automatic;
				CURRENT_PROJECT_VERSION = 1;
				DEVELOPMENT_TEAM = SRYM53R5XT;
				GENERATE_INFOPLIST_FILE = YES;
				IPHONEOS_DEPLOYMENT_TARGET = 18.2;
				MARKETING_VERSION = 1.0;
				PRODUCT_BUNDLE_IDENTIFIER = yoon.ThunderCatTests;
				PRODUCT_NAME = "$(TARGET_NAME)";
				SWIFT_EMIT_LOC_STRINGS = NO;
				SWIFT_VERSION = 5.0;
				TARGETED_DEVICE_FAMILY = "1,2";
				TEST_HOST = "$(BUILT_PRODUCTS_DIR)/ThunderCat.app/$(BUNDLE_EXECUTABLE_FOLDER_PATH)/ThunderCat";
			};
			name = Release;
		};
		B4EF14A02D4C764600ACC456 /* Debug */ = {
			isa = XCBuildConfiguration;
			buildSettings = {
				CODE_SIGN_STYLE = Automatic;
				CURRENT_PROJECT_VERSION = 1;
				DEVELOPMENT_TEAM = SRYM53R5XT;
				GENERATE_INFOPLIST_FILE = YES;
				MARKETING_VERSION = 1.0;
				PRODUCT_BUNDLE_IDENTIFIER = yoon.ThunderCatUITests;
				PRODUCT_NAME = "$(TARGET_NAME)";
				SWIFT_EMIT_LOC_STRINGS = NO;
				SWIFT_VERSION = 5.0;
				TARGETED_DEVICE_FAMILY = "1,2";
				TEST_TARGET_NAME = ThunderCat;
			};
			name = Debug;
		};
		B4EF14A12D4C764600ACC456 /* Release */ = {
			isa = XCBuildConfiguration;
			buildSettings = {
				CODE_SIGN_STYLE = Automatic;
				CURRENT_PROJECT_VERSION = 1;
				DEVELOPMENT_TEAM = SRYM53R5XT;
				GENERATE_INFOPLIST_FILE = YES;
				MARKETING_VERSION = 1.0;
				PRODUCT_BUNDLE_IDENTIFIER = yoon.ThunderCatUITests;
				PRODUCT_NAME = "$(TARGET_NAME)";
				SWIFT_EMIT_LOC_STRINGS = NO;
				SWIFT_VERSION = 5.0;
				TARGETED_DEVICE_FAMILY = "1,2";
				TEST_TARGET_NAME = ThunderCat;
			};
			name = Release;
		};
/* End XCBuildConfiguration section */

/* Begin XCConfigurationList section */
		B4EF14702D4C763D00ACC456 /* Build configuration list for PBXProject "ThunderCat" */ = {
			isa = XCConfigurationList;
			buildConfigurations = (
				B4EF14972D4C764600ACC456 /* Debug */,
				B4EF14982D4C764600ACC456 /* Release */,
			);
			defaultConfigurationIsVisible = 0;
			defaultConfigurationName = Release;
		};
		B4EF14992D4C764600ACC456 /* Build configuration list for PBXNativeTarget "ThunderCat" */ = {
			isa = XCConfigurationList;
			buildConfigurations = (
				B4EF149A2D4C764600ACC456 /* Debug */,
				B4EF149B2D4C764600ACC456 /* Release */,
			);
			defaultConfigurationIsVisible = 0;
			defaultConfigurationName = Release;
		};
		B4EF149C2D4C764600ACC456 /* Build configuration list for PBXNativeTarget "ThunderCatTests" */ = {
			isa = XCConfigurationList;
			buildConfigurations = (
				B4EF149D2D4C764600ACC456 /* Debug */,
				B4EF149E2D4C764600ACC456 /* Release */,
			);
			defaultConfigurationIsVisible = 0;
			defaultConfigurationName = Release;
		};
		B4EF149F2D4C764600ACC456 /* Build configuration list for PBXNativeTarget "ThunderCatUITests" */ = {
			isa = XCConfigurationList;
			buildConfigurations = (
				B4EF14A02D4C764600ACC456 /* Debug */,
				B4EF14A12D4C764600ACC456 /* Release */,
			);
			defaultConfigurationIsVisible = 0;
			defaultConfigurationName = Release;
		};
/* End XCConfigurationList section */
	};
	rootObject = B4EF146D2D4C763D00ACC456 /* Project object */;
}
